<?xml version="1.0" encoding="UTF-8" standalone="yes" ?>
<CodeBlocks_project_file>
   <FileVersion major="1" minor="6" />
   <Project>
      <Option title="basic_motion" />
      <Option makefile_is_custom="1" />
      <Option compiler="gcc" />
      <Option virtualFolders="CMake Files\;CMake Files\..\;CMake Files\..\..\;CMake Files\..\..\..\;CMake Files\..\..\..\..\;CMake Files\..\..\..\..\.cache\;CMake Files\..\..\..\..\.cache\qi\;CMake Files\..\..\..\..\.cache\qi\toolchains\;CMake Files\..\..\..\..\.cache\qi\toolchains\mytc\;CMake Files\..\..\..\qibuild-1.14.3\;CMake Files\..\..\..\qibuild-1.14.3\cmake\;CMake Files\..\..\..\qibuild-1.14.3\cmake\qibuild\;CMake Files\..\..\..\qibuild-1.14.3\cmake\qibuild\internal\;CMake Files\build-mytc\;" />
      <Build>
      <Target title="all">
         <Option working_dir="/home/xph3sle301v/Documents/project/projet_nao/basic_motion/build-mytc" />
         <Option type="4" />
         <MakeCommands>
            <Build command="/usr/bin/make -f &quot;/home/xph3sle301v/Documents/project/projet_nao/basic_motion/build-mytc/Makefile&quot;  VERBOSE=1 all" />
            <CompileFile command="/usr/bin/make -f &quot;/home/xph3sle301v/Documents/project/projet_nao/basic_motion/build-mytc/Makefile&quot;  VERBOSE=1 &quot;$file&quot;" />
            <Clean command="/usr/bin/make -f &quot;/home/xph3sle301v/Documents/project/projet_nao/basic_motion/build-mytc/Makefile&quot;  VERBOSE=1 clean" />
            <DistClean command="/usr/bin/make -f &quot;/home/xph3sle301v/Documents/project/projet_nao/basic_motion/build-mytc/Makefile&quot;  VERBOSE=1 clean" />
         </MakeCommands>
      </Target>
      <Target title="basic_motion">
         <Option output="/home/xph3sle301v/Downloads/naoqi-sdk-1.14.5-linux64/sdk-mytc/bin/basic_motion" prefix_auto="0" extension_auto="0" />
         <Option working_dir="/home/xph3sle301v/Documents/project/projet_nao/basic_motion/build-mytc" />
         <Option object_output="./" />
         <Option type="1" />
         <Option compiler="gcc" />
         <Compiler>
            <Add directory="/home/xph3sle301v/Downloads/naoqi-sdk-1.14.5-linux64/include" />
            <Add directory="/home/xph3sle301v/Downloads/naoqi-sdk-1.14.5-linux64/include/alsoap" />
            <Add directory="/home/xph3sle301v/Downloads/naoqi-sdk-1.14.5-linux64/include/soap" />
         </Compiler>
         <MakeCommands>
            <Build command="/usr/bin/make -f &quot;/home/xph3sle301v/Documents/project/projet_nao/basic_motion/build-mytc/Makefile&quot;  VERBOSE=1 basic_motion" />
            <CompileFile command="/usr/bin/make -f &quot;/home/xph3sle301v/Documents/project/projet_nao/basic_motion/build-mytc/Makefile&quot;  VERBOSE=1 &quot;$file&quot;" />
            <Clean command="/usr/bin/make -f &quot;/home/xph3sle301v/Documents/project/projet_nao/basic_motion/build-mytc/Makefile&quot;  VERBOSE=1 clean" />
            <DistClean command="/usr/bin/make -f &quot;/home/xph3sle301v/Documents/project/projet_nao/basic_motion/build-mytc/Makefile&quot;  VERBOSE=1 clean" />
         </MakeCommands>
      </Target>
      <Target title="basic_motion/fast">
         <Option output="/home/xph3sle301v/Downloads/naoqi-sdk-1.14.5-linux64/sdk-mytc/bin/basic_motion" prefix_auto="0" extension_auto="0" />
         <Option working_dir="/home/xph3sle301v/Documents/project/projet_nao/basic_motion/build-mytc" />
         <Option object_output="./" />
         <Option type="1" />
         <Option compiler="gcc" />
         <Compiler>
            <Add directory="/home/xph3sle301v/Downloads/naoqi-sdk-1.14.5-linux64/include" />
            <Add directory="/home/xph3sle301v/Downloads/naoqi-sdk-1.14.5-linux64/include/alsoap" />
            <Add directory="/home/xph3sle301v/Downloads/naoqi-sdk-1.14.5-linux64/include/soap" />
         </Compiler>
         <MakeCommands>
            <Build command="/usr/bin/make -f &quot;/home/xph3sle301v/Documents/project/projet_nao/basic_motion/build-mytc/Makefile&quot;  VERBOSE=1 basic_motion/fast" />
            <CompileFile command="/usr/bin/make -f &quot;/home/xph3sle301v/Documents/project/projet_nao/basic_motion/build-mytc/Makefile&quot;  VERBOSE=1 &quot;$file&quot;" />
            <Clean command="/usr/bin/make -f &quot;/home/xph3sle301v/Documents/project/projet_nao/basic_motion/build-mytc/Makefile&quot;  VERBOSE=1 clean" />
            <DistClean command="/usr/bin/make -f &quot;/home/xph3sle301v/Documents/project/projet_nao/basic_motion/build-mytc/Makefile&quot;  VERBOSE=1 clean" />
         </MakeCommands>
      </Target>
      <Target title="basic_motion_lib">
         <Option output="/home/xph3sle301v/Downloads/naoqi-sdk-1.14.5-linux64/sdk-mytc/lib/libbasic_motion_lib.so" prefix_auto="0" extension_auto="0" />
         <Option working_dir="/home/xph3sle301v/Documents/project/projet_nao/basic_motion/build-mytc" />
         <Option object_output="./" />
         <Option type="3" />
         <Option compiler="gcc" />
         <Compiler>
            <Add directory="/home/xph3sle301v/Downloads/naoqi-sdk-1.14.5-linux64/include" />
            <Add directory="/home/xph3sle301v/Downloads/naoqi-sdk-1.14.5-linux64/include/alsoap" />
            <Add directory="/home/xph3sle301v/Downloads/naoqi-sdk-1.14.5-linux64/include/soap" />
         </Compiler>
         <MakeCommands>
            <Build command="/usr/bin/make -f &quot;/home/xph3sle301v/Documents/project/projet_nao/basic_motion/build-mytc/Makefile&quot;  VERBOSE=1 basic_motion_lib" />
            <CompileFile command="/usr/bin/make -f &quot;/home/xph3sle301v/Documents/project/projet_nao/basic_motion/build-mytc/Makefile&quot;  VERBOSE=1 &quot;$file&quot;" />
            <Clean command="/usr/bin/make -f &quot;/home/xph3sle301v/Documents/project/projet_nao/basic_motion/build-mytc/Makefile&quot;  VERBOSE=1 clean" />
            <DistClean command="/usr/bin/make -f &quot;/home/xph3sle301v/Documents/project/projet_nao/basic_motion/build-mytc/Makefile&quot;  VERBOSE=1 clean" />
         </MakeCommands>
      </Target>
      <Target title="basic_motion_lib/fast">
         <Option output="/home/xph3sle301v/Downloads/naoqi-sdk-1.14.5-linux64/sdk-mytc/lib/libbasic_motion_lib.so" prefix_auto="0" extension_auto="0" />
         <Option working_dir="/home/xph3sle301v/Documents/project/projet_nao/basic_motion/build-mytc" />
         <Option object_output="./" />
         <Option type="3" />
         <Option compiler="gcc" />
         <Compiler>
            <Add directory="/home/xph3sle301v/Downloads/naoqi-sdk-1.14.5-linux64/include" />
            <Add directory="/home/xph3sle301v/Downloads/naoqi-sdk-1.14.5-linux64/include/alsoap" />
            <Add directory="/home/xph3sle301v/Downloads/naoqi-sdk-1.14.5-linux64/include/soap" />
         </Compiler>
         <MakeCommands>
            <Build command="/usr/bin/make -f &quot;/home/xph3sle301v/Documents/project/projet_nao/basic_motion/build-mytc/Makefile&quot;  VERBOSE=1 basic_motion_lib/fast" />
            <CompileFile command="/usr/bin/make -f &quot;/home/xph3sle301v/Documents/project/projet_nao/basic_motion/build-mytc/Makefile&quot;  VERBOSE=1 &quot;$file&quot;" />
            <Clean command="/usr/bin/make -f &quot;/home/xph3sle301v/Documents/project/projet_nao/basic_motion/build-mytc/Makefile&quot;  VERBOSE=1 clean" />
            <DistClean command="/usr/bin/make -f &quot;/home/xph3sle301v/Documents/project/projet_nao/basic_motion/build-mytc/Makefile&quot;  VERBOSE=1 clean" />
         </MakeCommands>
      </Target>
      <Target title="install">
         <Option working_dir="/home/xph3sle301v/Documents/project/projet_nao/basic_motion/build-mytc" />
         <Option type="4" />
         <MakeCommands>
            <Build command="/usr/bin/make -f &quot;/home/xph3sle301v/Documents/project/projet_nao/basic_motion/build-mytc/Makefile&quot;  VERBOSE=1 install" />
            <CompileFile command="/usr/bin/make -f &quot;/home/xph3sle301v/Documents/project/projet_nao/basic_motion/build-mytc/Makefile&quot;  VERBOSE=1 &quot;$file&quot;" />
            <Clean command="/usr/bin/make -f &quot;/home/xph3sle301v/Documents/project/projet_nao/basic_motion/build-mytc/Makefile&quot;  VERBOSE=1 clean" />
            <DistClean command="/usr/bin/make -f &quot;/home/xph3sle301v/Documents/project/projet_nao/basic_motion/build-mytc/Makefile&quot;  VERBOSE=1 clean" />
         </MakeCommands>
      </Target>
      <Target title="install/local">
         <Option working_dir="/home/xph3sle301v/Documents/project/projet_nao/basic_motion/build-mytc" />
         <Option type="4" />
         <MakeCommands>
            <Build command="/usr/bin/make -f &quot;/home/xph3sle301v/Documents/project/projet_nao/basic_motion/build-mytc/Makefile&quot;  VERBOSE=1 install/local" />
            <CompileFile command="/usr/bin/make -f &quot;/home/xph3sle301v/Documents/project/projet_nao/basic_motion/build-mytc/Makefile&quot;  VERBOSE=1 &quot;$file&quot;" />
            <Clean command="/usr/bin/make -f &quot;/home/xph3sle301v/Documents/project/projet_nao/basic_motion/build-mytc/Makefile&quot;  VERBOSE=1 clean" />
            <DistClean command="/usr/bin/make -f &quot;/home/xph3sle301v/Documents/project/projet_nao/basic_motion/build-mytc/Makefile&quot;  VERBOSE=1 clean" />
         </MakeCommands>
      </Target>
      <Target title="install/strip">
         <Option working_dir="/home/xph3sle301v/Documents/project/projet_nao/basic_motion/build-mytc" />
         <Option type="4" />
         <MakeCommands>
            <Build command="/usr/bin/make -f &quot;/home/xph3sle301v/Documents/project/projet_nao/basic_motion/build-mytc/Makefile&quot;  VERBOSE=1 install/strip" />
            <CompileFile command="/usr/bin/make -f &quot;/home/xph3sle301v/Documents/project/projet_nao/basic_motion/build-mytc/Makefile&quot;  VERBOSE=1 &quot;$file&quot;" />
            <Clean command="/usr/bin/make -f &quot;/home/xph3sle301v/Documents/project/projet_nao/basic_motion/build-mytc/Makefile&quot;  VERBOSE=1 clean" />
            <DistClean command="/usr/bin/make -f &quot;/home/xph3sle301v/Documents/project/projet_nao/basic_motion/build-mytc/Makefile&quot;  VERBOSE=1 clean" />
         </MakeCommands>
      </Target>
      <Target title="list_install_components">
         <Option working_dir="/home/xph3sle301v/Documents/project/projet_nao/basic_motion/build-mytc" />
         <Option type="4" />
         <MakeCommands>
            <Build command="/usr/bin/make -f &quot;/home/xph3sle301v/Documents/project/projet_nao/basic_motion/build-mytc/Makefile&quot;  VERBOSE=1 list_install_components" />
            <CompileFile command="/usr/bin/make -f &quot;/home/xph3sle301v/Documents/project/projet_nao/basic_motion/build-mytc/Makefile&quot;  VERBOSE=1 &quot;$file&quot;" />
            <Clean command="/usr/bin/make -f &quot;/home/xph3sle301v/Documents/project/projet_nao/basic_motion/build-mytc/Makefile&quot;  VERBOSE=1 clean" />
            <DistClean command="/usr/bin/make -f &quot;/home/xph3sle301v/Documents/project/projet_nao/basic_motion/build-mytc/Makefile&quot;  VERBOSE=1 clean" />
         </MakeCommands>
      </Target>
      <Target title="rebuild_cache">
         <Option working_dir="/home/xph3sle301v/Documents/project/projet_nao/basic_motion/build-mytc" />
         <Option type="4" />
         <MakeCommands>
            <Build command="/usr/bin/make -f &quot;/home/xph3sle301v/Documents/project/projet_nao/basic_motion/build-mytc/Makefile&quot;  VERBOSE=1 rebuild_cache" />
            <CompileFile command="/usr/bin/make -f &quot;/home/xph3sle301v/Documents/project/projet_nao/basic_motion/build-mytc/Makefile&quot;  VERBOSE=1 &quot;$file&quot;" />
            <Clean command="/usr/bin/make -f &quot;/home/xph3sle301v/Documents/project/projet_nao/basic_motion/build-mytc/Makefile&quot;  VERBOSE=1 clean" />
            <DistClean command="/usr/bin/make -f &quot;/home/xph3sle301v/Documents/project/projet_nao/basic_motion/build-mytc/Makefile&quot;  VERBOSE=1 clean" />
         </MakeCommands>
      </Target>
      <Target title="test">
         <Option working_dir="/home/xph3sle301v/Documents/project/projet_nao/basic_motion/build-mytc" />
         <Option type="4" />
         <MakeCommands>
            <Build command="/usr/bin/make -f &quot;/home/xph3sle301v/Documents/project/projet_nao/basic_motion/build-mytc/Makefile&quot;  VERBOSE=1 test" />
            <CompileFile command="/usr/bin/make -f &quot;/home/xph3sle301v/Documents/project/projet_nao/basic_motion/build-mytc/Makefile&quot;  VERBOSE=1 &quot;$file&quot;" />
            <Clean command="/usr/bin/make -f &quot;/home/xph3sle301v/Documents/project/projet_nao/basic_motion/build-mytc/Makefile&quot;  VERBOSE=1 clean" />
            <DistClean command="/usr/bin/make -f &quot;/home/xph3sle301v/Documents/project/projet_nao/basic_motion/build-mytc/Makefile&quot;  VERBOSE=1 clean" />
         </MakeCommands>
      </Target>
      <Target title="test_basic_motion">
         <Option output="/home/xph3sle301v/Downloads/naoqi-sdk-1.14.5-linux64/sdk-mytc/bin/test_basic_motion" prefix_auto="0" extension_auto="0" />
         <Option working_dir="/home/xph3sle301v/Documents/project/projet_nao/basic_motion/build-mytc" />
         <Option object_output="./" />
         <Option type="1" />
         <Option compiler="gcc" />
         <Compiler>
            <Add directory="/home/xph3sle301v/Downloads/naoqi-sdk-1.14.5-linux64/include" />
            <Add directory="/home/xph3sle301v/Downloads/naoqi-sdk-1.14.5-linux64/include/alsoap" />
            <Add directory="/home/xph3sle301v/Downloads/naoqi-sdk-1.14.5-linux64/include/soap" />
         </Compiler>
         <MakeCommands>
            <Build command="/usr/bin/make -f &quot;/home/xph3sle301v/Documents/project/projet_nao/basic_motion/build-mytc/Makefile&quot;  VERBOSE=1 test_basic_motion" />
            <CompileFile command="/usr/bin/make -f &quot;/home/xph3sle301v/Documents/project/projet_nao/basic_motion/build-mytc/Makefile&quot;  VERBOSE=1 &quot;$file&quot;" />
            <Clean command="/usr/bin/make -f &quot;/home/xph3sle301v/Documents/project/projet_nao/basic_motion/build-mytc/Makefile&quot;  VERBOSE=1 clean" />
            <DistClean command="/usr/bin/make -f &quot;/home/xph3sle301v/Documents/project/projet_nao/basic_motion/build-mytc/Makefile&quot;  VERBOSE=1 clean" />
         </MakeCommands>
      </Target>
      <Target title="test_basic_motion/fast">
         <Option output="/home/xph3sle301v/Downloads/naoqi-sdk-1.14.5-linux64/sdk-mytc/bin/test_basic_motion" prefix_auto="0" extension_auto="0" />
         <Option working_dir="/home/xph3sle301v/Documents/project/projet_nao/basic_motion/build-mytc" />
         <Option object_output="./" />
         <Option type="1" />
         <Option compiler="gcc" />
         <Compiler>
            <Add directory="/home/xph3sle301v/Downloads/naoqi-sdk-1.14.5-linux64/include" />
            <Add directory="/home/xph3sle301v/Downloads/naoqi-sdk-1.14.5-linux64/include/alsoap" />
            <Add directory="/home/xph3sle301v/Downloads/naoqi-sdk-1.14.5-linux64/include/soap" />
         </Compiler>
         <MakeCommands>
            <Build command="/usr/bin/make -f &quot;/home/xph3sle301v/Documents/project/projet_nao/basic_motion/build-mytc/Makefile&quot;  VERBOSE=1 test_basic_motion/fast" />
            <CompileFile command="/usr/bin/make -f &quot;/home/xph3sle301v/Documents/project/projet_nao/basic_motion/build-mytc/Makefile&quot;  VERBOSE=1 &quot;$file&quot;" />
            <Clean command="/usr/bin/make -f &quot;/home/xph3sle301v/Documents/project/projet_nao/basic_motion/build-mytc/Makefile&quot;  VERBOSE=1 clean" />
            <DistClean command="/usr/bin/make -f &quot;/home/xph3sle301v/Documents/project/projet_nao/basic_motion/build-mytc/Makefile&quot;  VERBOSE=1 clean" />
         </MakeCommands>
      </Target>
      </Build>
      <Unit filename="/home/xph3sle301v/Documents/project/projet_nao/basic_motion/basicmotion.cpp">
      </Unit>
      <Unit filename="/home/xph3sle301v/Documents/project/projet_nao/basic_motion/head.cpp">
      </Unit>
      <Unit filename="/home/xph3sle301v/Documents/project/projet_nao/basic_motion/main.cpp">
      </Unit>
      <Unit filename="/home/xph3sle301v/Documents/project/projet_nao/basic_motion/test.cpp">
      </Unit>
      <Unit filename="/home/xph3sle301v/Documents/project/projet_nao/basic_motion/basicmotion.h">
      </Unit>
      <Unit filename="/home/xph3sle301v/Documents/project/projet_nao/basic_motion/head.h">
      </Unit>
      <Unit filename="/home/xph3sle301v/Documents/project/projet_nao/basic_motion/CMakeLists.txt">
          <Option virtualFolder="CMake Files\" />
      </Unit>
      <Unit filename="/home/xph3sle301v/Documents/project/projet_nao/basic_motion/../../../../.cache/qi/toolchains/mytc/toolchain-mytc.cmake">
          <Option virtualFolder="CMake Files\..\..\..\..\.cache\qi\toolchains\mytc\" />
      </Unit>
      <Unit filename="/home/xph3sle301v/Documents/project/projet_nao/basic_motion/../../../qibuild-1.14.3/cmake/qibuild/qibuild-config.cmake">
          <Option virtualFolder="CMake Files\..\..\..\qibuild-1.14.3\cmake\qibuild\" />
      </Unit>
      <Unit filename="/home/xph3sle301v/Documents/project/projet_nao/basic_motion/../../../qibuild-1.14.3/cmake/qibuild/general.cmake">
          <Option virtualFolder="CMake Files\..\..\..\qibuild-1.14.3\cmake\qibuild\" />
      </Unit>
      <Unit filename="/home/xph3sle301v/Documents/project/projet_nao/basic_motion/../../../qibuild-1.14.3/cmake/qibuild/log.cmake">
          <Option virtualFolder="CMake Files\..\..\..\qibuild-1.14.3\cmake\qibuild\" />
      </Unit>
      <Unit filename="/home/xph3sle301v/Documents/project/projet_nao/basic_motion/../../../qibuild-1.14.3/cmake/qibuild/set.cmake">
          <Option virtualFolder="CMake Files\..\..\..\qibuild-1.14.3\cmake\qibuild\" />
      </Unit>
      <Unit filename="/home/xph3sle301v/Documents/project/projet_nao/basic_motion/../../../qibuild-1.14.3/cmake/qibuild/subdirectory.cmake">
          <Option virtualFolder="CMake Files\..\..\..\qibuild-1.14.3\cmake\qibuild\" />
      </Unit>
      <Unit filename="/home/xph3sle301v/Documents/project/projet_nao/basic_motion/../../../qibuild-1.14.3/cmake/qibuild/find.cmake">
          <Option virtualFolder="CMake Files\..\..\..\qibuild-1.14.3\cmake\qibuild\" />
      </Unit>
      <Unit filename="/home/xph3sle301v/Documents/project/projet_nao/basic_motion/../../../qibuild-1.14.3/cmake/qibuild/flags.cmake">
          <Option virtualFolder="CMake Files\..\..\..\qibuild-1.14.3\cmake\qibuild\" />
      </Unit>
      <Unit filename="/home/xph3sle301v/Documents/project/projet_nao/basic_motion/../../../qibuild-1.14.3/cmake/qibuild/tests.cmake">
          <Option virtualFolder="CMake Files\..\..\..\qibuild-1.14.3\cmake\qibuild\" />
      </Unit>
      <Unit filename="/home/xph3sle301v/Documents/project/projet_nao/basic_motion/../../../qibuild-1.14.3/cmake/qibuild/install.cmake">
          <Option virtualFolder="CMake Files\..\..\..\qibuild-1.14.3\cmake\qibuild\" />
      </Unit>
      <Unit filename="/home/xph3sle301v/Documents/project/projet_nao/basic_motion/../../../qibuild-1.14.3/cmake/qibuild/target.cmake">
          <Option virtualFolder="CMake Files\..\..\..\qibuild-1.14.3\cmake\qibuild\" />
      </Unit>
      <Unit filename="/home/xph3sle301v/Documents/project/projet_nao/basic_motion/../../../qibuild-1.14.3/cmake/qibuild/submodule.cmake">
          <Option virtualFolder="CMake Files\..\..\..\qibuild-1.14.3\cmake\qibuild\" />
      </Unit>
      <Unit filename="/home/xph3sle301v/Documents/project/projet_nao/basic_motion/../../../qibuild-1.14.3/cmake/qibuild/stage.cmake">
          <Option virtualFolder="CMake Files\..\..\..\qibuild-1.14.3\cmake\qibuild\" />
      </Unit>
      <Unit filename="/home/xph3sle301v/Documents/project/projet_nao/basic_motion/../../../qibuild-1.14.3/cmake/qibuild/option.cmake">
          <Option virtualFolder="CMake Files\..\..\..\qibuild-1.14.3\cmake\qibuild\" />
      </Unit>
      <Unit filename="/home/xph3sle301v/Documents/project/projet_nao/basic_motion/../../../qibuild-1.14.3/cmake/qibuild/internal/layout.cmake">
          <Option virtualFolder="CMake Files\..\..\..\qibuild-1.14.3\cmake\qibuild\internal\" />
      </Unit>
      <Unit filename="/home/xph3sle301v/Documents/project/projet_nao/basic_motion/../../../qibuild-1.14.3/cmake/qibuild/internal/install.cmake">
          <Option virtualFolder="CMake Files\..\..\..\qibuild-1.14.3\cmake\qibuild\internal\" />
      </Unit>
      <Unit filename="/home/xph3sle301v/Documents/project/projet_nao/basic_motion/../../../qibuild-1.14.3/cmake/qibuild/internal/glob.cmake">
          <Option virtualFolder="CMake Files\..\..\..\qibuild-1.14.3\cmake\qibuild\internal\" />
      </Unit>
      <Unit filename="/home/xph3sle301v/Documents/project/projet_nao/basic_motion/../../../qibuild-1.14.3/cmake/qibuild/internal/autostrap.cmake">
          <Option virtualFolder="CMake Files\..\..\..\qibuild-1.14.3\cmake\qibuild\internal\" />
      </Unit>
      <Unit filename="/home/xph3sle301v/Documents/project/projet_nao/basic_motion/../../../qibuild-1.14.3/cmake/qibuild/internal/stage.cmake">
          <Option virtualFolder="CMake Files\..\..\..\qibuild-1.14.3\cmake\qibuild\internal\" />
      </Unit>
      <Unit filename="/home/xph3sle301v/Documents/project/projet_nao/basic_motion/../../../qibuild-1.14.3/cmake/qibuild/internal/uselib.cmake">
          <Option virtualFolder="CMake Files\..\..\..\qibuild-1.14.3\cmake\qibuild\internal\" />
      </Unit>
      <Unit filename="/home/xph3sle301v/Documents/project/projet_nao/basic_motion/../../../qibuild-1.14.3/cmake/qibuild/internal/list.cmake">
          <Option virtualFolder="CMake Files\..\..\..\qibuild-1.14.3\cmake\qibuild\internal\" />
      </Unit>
      <Unit filename="/home/xph3sle301v/Documents/project/projet_nao/basic_motion/build-mytc/dependencies.cmake">
          <Option virtualFolder="CMake Files\build-mytc\" />
      </Unit>
   </Project>
</CodeBlocks_project_file>
